
Microsoft Visual Studio Solution File, Format Version 12.00
# Visual Studio Version 17
VisualStudioVersion = 17.11.35222.181
MinimumVisualStudioVersion = 10.0.40219.1
Project("{FAE04EC0-301F-11D3-BF4B-00C04F79EFBC}") = "Examination System", "Examination System\Examination System.csproj", "{8DFAB71E-209C-43C1-97F6-8F3A34A86E7D}"
EndProject
Global
	GlobalSection(SolutionConfigurationPlatforms) = preSolution
		Debug|Any CPU = Debug|Any CPU
		Release|Any CPU = Release|Any CPU
	EndGlobalSection
	GlobalSection(ProjectConfigurationPlatforms) = postSolution
		{8DFAB71E-209C-43C1-97F6-8F3A34A86E7D}.Debug|Any CPU.ActiveCfg = Debug|Any CPU
		{8DFAB71E-209C-43C1-97F6-8F3A34A86E7D}.Debug|Any CPU.Build.0 = Debug|Any CPU
		{8DFAB71E-209C-43C1-97F6-8F3A34A86E7D}.Release|Any CPU.ActiveCfg = Release|Any CPU
		{8DFAB71E-209C-43C1-97F6-8F3A34A86E7D}.Release|Any CPU.Build.0 = Release|Any CPU
	EndGlobalSection
	GlobalSection(SolutionProperties) = preSolution
		HideSolutionNode = FALSE
	EndGlobalSection
	GlobalSection(ExtensibilityGlobals) = postSolution
		SolutionGuid = {C6F7B5F3-E379-4D15-8F16-8FBDDF9CC4C0}
	EndGlobalSection
EndGlobal
